
Microsoft Visual Studio Solution File, Format Version 12.00
# Visual Studio Version 16
VisualStudioVersion = 16.0.30517.126
MinimumVisualStudioVersion = 10.0.40219.1
Project("{FAE04EC0-301F-11D3-BF4B-00C04F79EFBC}") = "ZoomJWAssistant", "ZoomJWAssistant.csproj", "{E52195C1-F476-45EB-81A5-2C9F914DD058}"
EndProject
Global
	GlobalSection(SolutionConfigurationPlatforms) = preSolution
		Debug|Any CPU = Debug|Any CPU
		Release|Any CPU = Release|Any CPU
	EndGlobalSection
	GlobalSection(ProjectConfigurationPlatforms) = postSolution
		{E52195C1-F476-45EB-81A5-2C9F914DD058}.Debug|Any CPU.ActiveCfg = Debug|Any CPU
		{E52195C1-F476-45EB-81A5-2C9F914DD058}.Debug|Any CPU.Build.0 = Debug|Any CPU
		{E52195C1-F476-45EB-81A5-2C9F914DD058}.Release|Any CPU.ActiveCfg = Release|Any CPU
		{E52195C1-F476-45EB-81A5-2C9F914DD058}.Release|Any CPU.Build.0 = Release|Any CPU
	EndGlobalSection
	GlobalSection(SolutionProperties) = preSolution
		HideSolutionNode = FALSE
	EndGlobalSection
	GlobalSection(ExtensibilityGlobals) = postSolution
		SolutionGuid = {CCE48DE5-C4DB-4C97-BAA3-FFBD7984E66F}
	EndGlobalSection
EndGlobal
